// !$*UTF8*$!
{
	archiveVersion = 1;
	classes = {
	};
	objectVersion = 48;
	objects = {

/* Begin PBXBuildFile section */
		2A7D7001C81CFE3F89AAEE42 /* libPods-GskUtilityDemo.a in Frameworks */ = {isa = PBXBuildFile; fileRef = B7DE4845EF0F3FA0EB940DC3 /* libPods-GskUtilityDemo.a */; };
		6C0D4EB52B395FE000A1DF97 /* TestFunc.m in Sources */ = {isa = PBXBuildFile; fileRef = 6C0D4EB42B395FE000A1DF97 /* TestFunc.m */; };
		6C14DA6820746F470016BEBB /* AppDelegate.m in Sources */ = {isa = PBXBuildFile; fileRef = 6C14DA6720746F470016BEBB /* AppDelegate.m */; };
		6C14DA6B20746F470016BEBB /* ViewController.m in Sources */ = {isa = PBXBuildFile; fileRef = 6C14DA6A20746F470016BEBB /* ViewController.m */; };
		6C14DA6E20746F470016BEBB /* Main.storyboard in Resources */ = {isa = PBXBuildFile; fileRef = 6C14DA6C20746F470016BEBB /* Main.storyboard */; };
		6C14DA7020746F470016BEBB /* Assets.xcassets in Resources */ = {isa = PBXBuildFile; fileRef = 6C14DA6F20746F470016BEBB /* Assets.xcassets */; };
		6C14DA7320746F470016BEBB /* LaunchScreen.storyboard in Resources */ = {isa = PBXBuildFile; fileRef = 6C14DA7120746F470016BEBB /* LaunchScreen.storyboard */; };
		6C14DA7620746F470016BEBB /* main.m in Sources */ = {isa = PBXBuildFile; fileRef = 6C14DA7520746F470016BEBB /* main.m */; };
		6C14DAA7207476CE0016BEBB /* UserPersistService.m in Sources */ = {isa = PBXBuildFile; fileRef = 6C14DA94207476CE0016BEBB /* UserPersistService.m */; };
		6C14DAA8207476CE0016BEBB /* PersistService.m in Sources */ = {isa = PBXBuildFile; fileRef = 6C14DA97207476CE0016BEBB /* PersistService.m */; };
		6C3E5B0D2109AF9A0016FE13 /* NetworkManager.m in Sources */ = {isa = PBXBuildFile; fileRef = 6C3E5B0C2109AF9A0016FE13 /* NetworkManager.m */; };
		6C3E5B102109BD9D0016FE13 /* NetworkingDemo.m in Sources */ = {isa = PBXBuildFile; fileRef = 6C3E5B0F2109BD9D0016FE13 /* NetworkingDemo.m */; };
		6CF9C5CD20FDD392006873ED /* PersistServiceSwift.swift in Sources */ = {isa = PBXBuildFile; fileRef = 6CF9C5CC20FDD392006873ED /* PersistServiceSwift.swift */; };
/* End PBXBuildFile section */

/* Begin PBXFileReference section */
		51B569A13B307F991C107B39 /* Pods-GskUtilityDemo.release.xcconfig */ = {isa = PBXFileReference; includeInIndex = 1; lastKnownFileType = text.xcconfig; name = "Pods-GskUtilityDemo.release.xcconfig"; path = "Pods/Target Support Files/Pods-GskUtilityDemo/Pods-GskUtilityDemo.release.xcconfig"; sourceTree = "<group>"; };
		6C0D4EB32B395FE000A1DF97 /* TestFunc.h */ = {isa = PBXFileReference; fileEncoding = 4; lastKnownFileType = sourcecode.c.h; path = TestFunc.h; sourceTree = "<group>"; };
		6C0D4EB42B395FE000A1DF97 /* TestFunc.m */ = {isa = PBXFileReference; fileEncoding = 4; lastKnownFileType = sourcecode.c.objc; path = TestFunc.m; sourceTree = "<group>"; };
		6C14DA6320746F470016BEBB /* GskUtilityDemo.app */ = {isa = PBXFileReference; explicitFileType = wrapper.application; includeInIndex = 0; path = GskUtilityDemo.app; sourceTree = BUILT_PRODUCTS_DIR; };
		6C14DA6620746F470016BEBB /* AppDelegate.h */ = {isa = PBXFileReference; lastKnownFileType = sourcecode.c.h; path = AppDelegate.h; sourceTree = "<group>"; };
		6C14DA6720746F470016BEBB /* AppDelegate.m */ = {isa = PBXFileReference; lastKnownFileType = sourcecode.c.objc; path = AppDelegate.m; sourceTree = "<group>"; };
		6C14DA6920746F470016BEBB /* ViewController.h */ = {isa = PBXFileReference; lastKnownFileType = sourcecode.c.h; path = ViewController.h; sourceTree = "<group>"; };
		6C14DA6A20746F470016BEBB /* ViewController.m */ = {isa = PBXFileReference; lastKnownFileType = sourcecode.c.objc; path = ViewController.m; sourceTree = "<group>"; };
		6C14DA6D20746F470016BEBB /* Base */ = {isa = PBXFileReference; lastKnownFileType = file.storyboard; name = Base; path = Base.lproj/Main.storyboard; sourceTree = "<group>"; };
		6C14DA6F20746F470016BEBB /* Assets.xcassets */ = {isa = PBXFileReference; lastKnownFileType = folder.assetcatalog; path = Assets.xcassets; sourceTree = "<group>"; };
		6C14DA7220746F470016BEBB /* Base */ = {isa = PBXFileReference; lastKnownFileType = file.storyboard; name = Base; path = Base.lproj/LaunchScreen.storyboard; sourceTree = "<group>"; };
		6C14DA7420746F470016BEBB /* Info.plist */ = {isa = PBXFileReference; lastKnownFileType = text.plist.xml; path = Info.plist; sourceTree = "<group>"; };
		6C14DA7520746F470016BEBB /* main.m */ = {isa = PBXFileReference; lastKnownFileType = sourcecode.c.objc; path = main.m; sourceTree = "<group>"; };
		6C14DA93207476CE0016BEBB /* UserPersistService.h */ = {isa = PBXFileReference; fileEncoding = 4; lastKnownFileType = sourcecode.c.h; path = UserPersistService.h; sourceTree = "<group>"; };
		6C14DA94207476CE0016BEBB /* UserPersistService.m */ = {isa = PBXFileReference; fileEncoding = 4; lastKnownFileType = sourcecode.c.objc; path = UserPersistService.m; sourceTree = "<group>"; };
		6C14DA96207476CE0016BEBB /* GskUtilityDefine.h */ = {isa = PBXFileReference; fileEncoding = 4; lastKnownFileType = sourcecode.c.h; path = GskUtilityDefine.h; sourceTree = "<group>"; };
		6C14DA97207476CE0016BEBB /* PersistService.m */ = {isa = PBXFileReference; fileEncoding = 4; lastKnownFileType = sourcecode.c.objc; path = PersistService.m; sourceTree = "<group>"; };
		6C14DA98207476CE0016BEBB /* UtilityHeader.h */ = {isa = PBXFileReference; fileEncoding = 4; lastKnownFileType = sourcecode.c.h; path = UtilityHeader.h; sourceTree = "<group>"; };
		6C14DA99207476CE0016BEBB /* SynthesizeSingleton.h */ = {isa = PBXFileReference; fileEncoding = 4; lastKnownFileType = sourcecode.c.h; path = SynthesizeSingleton.h; sourceTree = "<group>"; };
		6C14DA9A207476CE0016BEBB /* PersistService.h */ = {isa = PBXFileReference; fileEncoding = 4; lastKnownFileType = sourcecode.c.h; path = PersistService.h; sourceTree = "<group>"; };
		6C3E5B0B2109AF9A0016FE13 /* NetworkManager.h */ = {isa = PBXFileReference; lastKnownFileType = sourcecode.c.h; path = NetworkManager.h; sourceTree = "<group>"; };
		6C3E5B0C2109AF9A0016FE13 /* NetworkManager.m */ = {isa = PBXFileReference; lastKnownFileType = sourcecode.c.objc; path = NetworkManager.m; sourceTree = "<group>"; };
		6C3E5B0E2109BD9D0016FE13 /* NetworkingDemo.h */ = {isa = PBXFileReference; lastKnownFileType = sourcecode.c.h; path = NetworkingDemo.h; sourceTree = "<group>"; };
		6C3E5B0F2109BD9D0016FE13 /* NetworkingDemo.m */ = {isa = PBXFileReference; lastKnownFileType = sourcecode.c.objc; path = NetworkingDemo.m; sourceTree = "<group>"; };
		6CF9C5CB20FDD392006873ED /* GskUtilityDemo-Bridging-Header.h */ = {isa = PBXFileReference; lastKnownFileType = sourcecode.c.h; path = "GskUtilityDemo-Bridging-Header.h"; sourceTree = "<group>"; };
		6CF9C5CC20FDD392006873ED /* PersistServiceSwift.swift */ = {isa = PBXFileReference; lastKnownFileType = sourcecode.swift; path = PersistServiceSwift.swift; sourceTree = "<group>"; };
		B7DE4845EF0F3FA0EB940DC3 /* libPods-GskUtilityDemo.a */ = {isa = PBXFileReference; explicitFileType = archive.ar; includeInIndex = 0; path = "libPods-GskUtilityDemo.a"; sourceTree = BUILT_PRODUCTS_DIR; };
		C062105BFFF6F9969239EBA2 /* Pods-GskUtilityDemo.debug.xcconfig */ = {isa = PBXFileReference; includeInIndex = 1; lastKnownFileType = text.xcconfig; name = "Pods-GskUtilityDemo.debug.xcconfig"; path = "Pods/Target Support Files/Pods-GskUtilityDemo/Pods-GskUtilityDemo.debug.xcconfig"; sourceTree = "<group>"; };
/* End PBXFileReference section */

/* Begin PBXFrameworksBuildPhase section */
		6C14DA6020746F470016BEBB /* Frameworks */ = {
			isa = PBXFrameworksBuildPhase;
			buildActionMask = 2147483647;
			files = (
				2A7D7001C81CFE3F89AAEE42 /* libPods-GskUtilityDemo.a in Frameworks */,
			);
			runOnlyForDeploymentPostprocessing = 0;
		};
/* End PBXFrameworksBuildPhase section */

/* Begin PBXGroup section */
		6C14DA5A20746F470016BEBB = {
			isa = PBXGroup;
			children = (
				6C14DA6520746F470016BEBB /* GskUtilityDemo */,
				6C14DA6420746F470016BEBB /* Products */,
				86BF9F61CE0C51F593C3D65C /* Pods */,
				78E89413712698C9F69271C6 /* Frameworks */,
			);
			sourceTree = "<group>";
		};
		6C14DA6420746F470016BEBB /* Products */ = {
			isa = PBXGroup;
			children = (
				6C14DA6320746F470016BEBB /* GskUtilityDemo.app */,
			);
			name = Products;
			sourceTree = "<group>";
		};
		6C14DA6520746F470016BEBB /* GskUtilityDemo */ = {
			isa = PBXGroup;
			children = (
				6C3E5B0A2109AF690016FE13 /* NetworkManager */,
				6C14DA92207476CE0016BEBB /* Demo */,
				6C14DA95207476CE0016BEBB /* Utility */,
				6C14DA6620746F470016BEBB /* AppDelegate.h */,
				6C14DA6720746F470016BEBB /* AppDelegate.m */,
				6C14DA6920746F470016BEBB /* ViewController.h */,
				6C14DA6A20746F470016BEBB /* ViewController.m */,
				6C0D4EB32B395FE000A1DF97 /* TestFunc.h */,
				6C0D4EB42B395FE000A1DF97 /* TestFunc.m */,
				6C14DA6C20746F470016BEBB /* Main.storyboard */,
				6C14DA6F20746F470016BEBB /* Assets.xcassets */,
				6C14DA7120746F470016BEBB /* LaunchScreen.storyboard */,
				6C14DA7420746F470016BEBB /* Info.plist */,
				6C14DA7520746F470016BEBB /* main.m */,
			);
			path = GskUtilityDemo;
			sourceTree = "<group>";
		};
		6C14DA92207476CE0016BEBB /* Demo */ = {
			isa = PBXGroup;
			children = (
				6C14DA93207476CE0016BEBB /* UserPersistService.h */,
				6C14DA94207476CE0016BEBB /* UserPersistService.m */,
				6C3E5B0E2109BD9D0016FE13 /* NetworkingDemo.h */,
				6C3E5B0F2109BD9D0016FE13 /* NetworkingDemo.m */,
			);
			path = Demo;
			sourceTree = SOURCE_ROOT;
		};
		6C14DA95207476CE0016BEBB /* Utility */ = {
			isa = PBXGroup;
			children = (
				6C14DA98207476CE0016BEBB /* UtilityHeader.h */,
				6C14DA96207476CE0016BEBB /* GskUtilityDefine.h */,
				6C14DA9A207476CE0016BEBB /* PersistService.h */,
				6C14DA97207476CE0016BEBB /* PersistService.m */,
				6C14DA99207476CE0016BEBB /* SynthesizeSingleton.h */,
				6CF9C5CC20FDD392006873ED /* PersistServiceSwift.swift */,
				6CF9C5CB20FDD392006873ED /* GskUtilityDemo-Bridging-Header.h */,
			);
			path = Utility;
			sourceTree = SOURCE_ROOT;
		};
		6C3E5B0A2109AF690016FE13 /* NetworkManager */ = {
			isa = PBXGroup;
			children = (
				6C3E5B0B2109AF9A0016FE13 /* NetworkManager.h */,
				6C3E5B0C2109AF9A0016FE13 /* NetworkManager.m */,
			);
			path = NetworkManager;
			sourceTree = "<group>";
		};
		78E89413712698C9F69271C6 /* Frameworks */ = {
			isa = PBXGroup;
			children = (
				B7DE4845EF0F3FA0EB940DC3 /* libPods-GskUtilityDemo.a */,
			);
			name = Frameworks;
			sourceTree = "<group>";
		};
		86BF9F61CE0C51F593C3D65C /* Pods */ = {
			isa = PBXGroup;
			children = (
				C062105BFFF6F9969239EBA2 /* Pods-GskUtilityDemo.debug.xcconfig */,
				51B569A13B307F991C107B39 /* Pods-GskUtilityDemo.release.xcconfig */,
			);
			name = Pods;
			sourceTree = "<group>";
		};
/* End PBXGroup section */

/* Begin PBXNativeTarget section */
		6C14DA6220746F470016BEBB /* GskUtilityDemo */ = {
			isa = PBXNativeTarget;
			buildConfigurationList = 6C14DA7920746F470016BEBB /* Build configuration list for PBXNativeTarget "GskUtilityDemo" */;
			buildPhases = (
				C9ED55642C670E5176129469 /* [CP] Check Pods Manifest.lock */,
				6C14DA5F20746F470016BEBB /* Sources */,
				6C14DA6020746F470016BEBB /* Frameworks */,
				6C14DA6120746F470016BEBB /* Resources */,
			);
			buildRules = (
			);
			dependencies = (
			);
			name = GskUtilityDemo;
			productName = GskUtilityDemo;
			productReference = 6C14DA6320746F470016BEBB /* GskUtilityDemo.app */;
			productType = "com.apple.product-type.application";
		};
/* End PBXNativeTarget section */

/* Begin PBXProject section */
		6C14DA5B20746F470016BEBB /* Project object */ = {
			isa = PBXProject;
			attributes = {
				LastUpgradeCheck = 0920;
				ORGANIZATIONNAME = gsk;
				TargetAttributes = {
					6C14DA6220746F470016BEBB = {
						CreatedOnToolsVersion = 9.2;
						LastSwiftMigration = 0940;
						ProvisioningStyle = Automatic;
					};
				};
			};
			buildConfigurationList = 6C14DA5E20746F470016BEBB /* Build configuration list for PBXProject "GskUtilityDemo" */;
			compatibilityVersion = "Xcode 8.0";
			developmentRegion = en;
			hasScannedForEncodings = 0;
			knownRegions = (
				en,
				Base,
			);
			mainGroup = 6C14DA5A20746F470016BEBB;
			productRefGroup = 6C14DA6420746F470016BEBB /* Products */;
			projectDirPath = "";
			projectRoot = "";
			targets = (
				6C14DA6220746F470016BEBB /* GskUtilityDemo */,
			);
		};
/* End PBXProject section */

/* Begin PBXResourcesBuildPhase section */
		6C14DA6120746F470016BEBB /* Resources */ = {
			isa = PBXResourcesBuildPhase;
			buildActionMask = 2147483647;
			files = (
				6C14DA7320746F470016BEBB /* LaunchScreen.storyboard in Resources */,
				6C14DA7020746F470016BEBB /* Assets.xcassets in Resources */,
				6C14DA6E20746F470016BEBB /* Main.storyboard in Resources */,
			);
			runOnlyForDeploymentPostprocessing = 0;
		};
/* End PBXResourcesBuildPhase section */

/* Begin PBXShellScriptBuildPhase section */
		C9ED55642C670E5176129469 /* [CP] Check Pods Manifest.lock */ = {
			isa = PBXShellScriptBuildPhase;
			buildActionMask = 2147483647;
			files = (
			);
			inputPaths = (
				"${PODS_PODFILE_DIR_PATH}/Podfile.lock",
				"${PODS_ROOT}/Manifest.lock",
			);
			name = "[CP] Check Pods Manifest.lock";
			outputPaths = (
				"$(DERIVED_FILE_DIR)/Pods-GskUtilityDemo-checkManifestLockResult.txt",
			);
			runOnlyForDeploymentPostprocessing = 0;
			shellPath = /bin/sh;
			shellScript = "diff \"${PODS_PODFILE_DIR_PATH}/Podfile.lock\" \"${PODS_ROOT}/Manifest.lock\" > /dev/null\nif [ $? != 0 ] ; then\n    # print error to STDERR\n    echo \"error: The sandbox is not in sync with the Podfile.lock. Run 'pod install' or update your CocoaPods installation.\" >&2\n    exit 1\nfi\n# This output is used by Xcode 'outputs' to avoid re-running this script phase.\necho \"SUCCESS\" > \"${SCRIPT_OUTPUT_FILE_0}\"\n";
			showEnvVarsInLog = 0;
		};
/* End PBXShellScriptBuildPhase section */

/* Begin PBXSourcesBuildPhase section */
		6C14DA5F20746F470016BEBB /* Sources */ = {
			isa = PBXSourcesBuildPhase;
			buildActionMask = 2147483647;
			files = (
				6C3E5B102109BD9D0016FE13 /* NetworkingDemo.m in Sources */,
				6C14DAA8207476CE0016BEBB /* PersistService.m in Sources */,
				6C3E5B0D2109AF9A0016FE13 /* NetworkManager.m in Sources */,
				6C14DA6B20746F470016BEBB /* ViewController.m in Sources */,
				6CF9C5CD20FDD392006873ED /* PersistServiceSwift.swift in Sources */,
				6C0D4EB52B395FE000A1DF97 /* TestFunc.m in Sources */,
				6C14DAA7207476CE0016BEBB /* UserPersistService.m in Sources */,
				6C14DA7620746F470016BEBB /* main.m in Sources */,
				6C14DA6820746F470016BEBB /* AppDelegate.m in Sources */,
			);
			runOnlyForDeploymentPostprocessing = 0;
		};
/* End PBXSourcesBuildPhase section */

/* Begin PBXVariantGroup section */
		6C14DA6C20746F470016BEBB /* Main.storyboard */ = {
			isa = PBXVariantGroup;
			children = (
				6C14DA6D20746F470016BEBB /* Base */,
			);
			name = Main.storyboard;
			sourceTree = "<group>";
		};
		6C14DA7120746F470016BEBB /* LaunchScreen.storyboard */ = {
			isa = PBXVariantGroup;
			children = (
				6C14DA7220746F470016BEBB /* Base */,
			);
			name = LaunchScreen.storyboard;
			sourceTree = "<group>";
		};
/* End PBXVariantGroup section */

/* Begin XCBuildConfiguration section */
		6C14DA7720746F470016BEBB /* Debug */ = {
			isa = XCBuildConfiguration;
			buildSettings = {
				ALWAYS_SEARCH_USER_PATHS = NO;
				CLANG_ANALYZER_NONNULL = YES;
				CLANG_ANALYZER_NUMBER_OBJECT_CONVERSION = YES_AGGRESSIVE;
				CLANG_CXX_LANGUAGE_STANDARD = "gnu++14";
				CLANG_CXX_LIBRARY = "libc++";
				CLANG_ENABLE_MODULES = YES;
				CLANG_ENABLE_OBJC_ARC = YES;
				CLANG_WARN_BLOCK_CAPTURE_AUTORELEASING = YES;
				CLANG_WARN_BOOL_CONVERSION = YES;
				CLANG_WARN_COMMA = YES;
				CLANG_WARN_CONSTANT_CONVERSION = YES;
				CLANG_WARN_DIRECT_OBJC_ISA_USAGE = YES_ERROR;
				CLANG_WARN_DOCUMENTATION_COMMENTS = YES;
				CLANG_WARN_EMPTY_BODY = YES;
				CLANG_WARN_ENUM_CONVERSION = YES;
				CLANG_WARN_INFINITE_RECURSION = YES;
				CLANG_WARN_INT_CONVERSION = YES;
				CLANG_WARN_NON_LITERAL_NULL_CONVERSION = YES;
				CLANG_WARN_OBJC_LITERAL_CONVERSION = YES;
				CLANG_WARN_OBJC_ROOT_CLASS = YES_ERROR;
				CLANG_WARN_RANGE_LOOP_ANALYSIS = YES;
				CLANG_WARN_STRICT_PROTOTYPES = YES;
				CLANG_WARN_SUSPICIOUS_MOVE = YES;
				CLANG_WARN_UNGUARDED_AVAILABILITY = YES_AGGRESSIVE;
				CLANG_WARN_UNREACHABLE_CODE = YES;
				CLANG_WARN__DUPLICATE_METHOD_MATCH = YES;
				CODE_SIGN_IDENTITY = "iPhone Developer";
				COPY_PHASE_STRIP = NO;
				DEBUG_INFORMATION_FORMAT = dwarf;
				ENABLE_STRICT_OBJC_MSGSEND = YES;
				ENABLE_TESTABILITY = YES;
				GCC_C_LANGUAGE_STANDARD = gnu11;
				GCC_DYNAMIC_NO_PIC = NO;
				GCC_NO_COMMON_BLOCKS = YES;
				GCC_OPTIMIZATION_LEVEL = 0;
				GCC_PREPROCESSOR_DEFINITIONS = (
					"DEBUG=1",
					"$(inherited)",
				);
				GCC_WARN_64_TO_32_BIT_CONVERSION = YES;
				GCC_WARN_ABOUT_RETURN_TYPE = YES_ERROR;
				GCC_WARN_UNDECLARED_SELECTOR = YES;
				GCC_WARN_UNINITIALIZED_AUTOS = YES_AGGRESSIVE;
				GCC_WARN_UNUSED_FUNCTION = YES;
				GCC_WARN_UNUSED_VARIABLE = YES;
				IPHONEOS_DEPLOYMENT_TARGET = 11.2;
				MTL_ENABLE_DEBUG_INFO = YES;
				ONLY_ACTIVE_ARCH = YES;
				SDKROOT = iphoneos;
			};
			name = Debug;
		};
		6C14DA7820746F470016BEBB /* Release */ = {
			isa = XCBuildConfiguration;
			buildSettings = {
				ALWAYS_SEARCH_USER_PATHS = NO;
				CLANG_ANALYZER_NONNULL = YES;
				CLANG_ANALYZER_NUMBER_OBJECT_CONVERSION = YES_AGGRESSIVE;
				CLANG_CXX_LANGUAGE_STANDARD = "gnu++14";
				CLANG_CXX_LIBRARY = "libc++";
				CLANG_ENABLE_MODULES = YES;
				CLANG_ENABLE_OBJC_ARC = YES;
				CLANG_WARN_BLOCK_CAPTURE_AUTORELEASING = YES;
				CLANG_WARN_BOOL_CONVERSION = YES;
				CLANG_WARN_COMMA = YES;
				CLANG_WARN_CONSTANT_CONVERSION = YES;
				CLANG_WARN_DIRECT_OBJC_ISA_USAGE = YES_ERROR;
				CLANG_WARN_DOCUMENTATION_COMMENTS = YES;
				CLANG_WARN_EMPTY_BODY = YES;
				CLANG_WARN_ENUM_CONVERSION = YES;
				CLANG_WARN_INFINITE_RECURSION = YES;
				CLANG_WARN_INT_CONVERSION = YES;
				CLANG_WARN_NON_LITERAL_NULL_CONVERSION = YES;
				CLANG_WARN_OBJC_LITERAL_CONVERSION = YES;
				CLANG_WARN_OBJC_ROOT_CLASS = YES_ERROR;
				CLANG_WARN_RANGE_LOOP_ANALYSIS = YES;
				CLANG_WARN_STRICT_PROTOTYPES = YES;
				CLANG_WARN_SUSPICIOUS_MOVE = YES;
				CLANG_WARN_UNGUARDED_AVAILABILITY = YES_AGGRESSIVE;
				CLANG_WARN_UNREACHABLE_CODE = YES;
				CLANG_WARN__DUPLICATE_METHOD_MATCH = YES;
				CODE_SIGN_IDENTITY = "iPhone Developer";
				COPY_PHASE_STRIP = NO;
				DEBUG_INFORMATION_FORMAT = "dwarf-with-dsym";
				ENABLE_NS_ASSERTIONS = NO;
				ENABLE_STRICT_OBJC_MSGSEND = YES;
				GCC_C_LANGUAGE_STANDARD = gnu11;
				GCC_NO_COMMON_BLOCKS = YES;
				GCC_WARN_64_TO_32_BIT_CONVERSION = YES;
				GCC_WARN_ABOUT_RETURN_TYPE = YES_ERROR;
				GCC_WARN_UNDECLARED_SELECTOR = YES;
				GCC_WARN_UNINITIALIZED_AUTOS = YES_AGGRESSIVE;
				GCC_WARN_UNUSED_FUNCTION = YES;
				GCC_WARN_UNUSED_VARIABLE = YES;
				IPHONEOS_DEPLOYMENT_TARGET = 11.2;
				MTL_ENABLE_DEBUG_INFO = NO;
				SDKROOT = iphoneos;
				VALIDATE_PRODUCT = YES;
			};
			name = Release;
		};
		6C14DA7A20746F470016BEBB /* Debug */ = {
			isa = XCBuildConfiguration;
			baseConfigurationReference = C062105BFFF6F9969239EBA2 /* Pods-GskUtilityDemo.debug.xcconfig */;
			buildSettings = {
				ASSETCATALOG_COMPILER_APPICON_NAME = AppIcon;
				CLANG_ENABLE_MODULES = YES;
				CODE_SIGN_STYLE = Automatic;
				INFOPLIST_FILE = GskUtilityDemo/Info.plist;
				LD_RUNPATH_SEARCH_PATHS = "$(inherited) @executable_path/Frameworks";
				PRODUCT_BUNDLE_IDENTIFIER = com.GskUtilityDemo;
				PRODUCT_NAME = "$(TARGET_NAME)";
				SWIFT_OBJC_BRIDGING_HEADER = "Utility/GskUtilityDemo-Bridging-Header.h";
				SWIFT_OPTIMIZATION_LEVEL = "-Onone";
				SWIFT_VERSION = 3.0;
				TARGETED_DEVICE_FAMILY = "1,2";
			};
			name = Debug;
		};
		6C14DA7B20746F470016BEBB /* Release */ = {
			isa = XCBuildConfiguration;
			baseConfigurationReference = 51B569A13B307F991C107B39 /* Pods-GskUtilityDemo.release.xcconfig */;
			buildSettings = {
				ASSETCATALOG_COMPILER_APPICON_NAME = AppIcon;
				CLANG_ENABLE_MODULES = YES;
				CODE_SIGN_STYLE = Automatic;
				INFOPLIST_FILE = GskUtilityDemo/Info.plist;
				LD_RUNPATH_SEARCH_PATHS = "$(inherited) @executable_path/Frameworks";
				PRODUCT_BUNDLE_IDENTIFIER = com.GskUtilityDemo;
				PRODUCT_NAME = "$(TARGET_NAME)";
				SWIFT_OBJC_BRIDGING_HEADER = "Utility/GskUtilityDemo-Bridging-Header.h";
				SWIFT_VERSION = 3.0;
				TARGETED_DEVICE_FAMILY = "1,2";
			};
			name = Release;
		};
/* End XCBuildConfiguration section */

/* Begin XCConfigurationList section */
		6C14DA5E20746F470016BEBB /* Build configuration list for PBXProject "GskUtilityDemo" */ = {
			isa = XCConfigurationList;
			buildConfigurations = (
				6C14DA7720746F470016BEBB /* Debug */,
				6C14DA7820746F470016BEBB /* Release */,
			);
			defaultConfigurationIsVisible = 0;
			defaultConfigurationName = Release;
		};
		6C14DA7920746F470016BEBB /* Build configuration list for PBXNativeTarget "GskUtilityDemo" */ = {
			isa = XCConfigurationList;
			buildConfigurations = (
				6C14DA7A20746F470016BEBB /* Debug */,
				6C14DA7B20746F470016BEBB /* Release */,
			);
			defaultConfigurationIsVisible = 0;
			defaultConfigurationName = Release;
		};
/* End XCConfigurationList section */
	};
	rootObject = 6C14DA5B20746F470016BEBB /* Project object */;
}
